
Microsoft Visual Studio Solution File, Format Version 12.00
# Visual Studio Version 17
VisualStudioVersion = 17.3.32901.215
MinimumVisualStudioVersion = 10.0.40219.1
Project("{9A19103F-16F7-4668-BE54-9A1E7A4F7556}") = "Bookware", "Bookware.csproj", "{67976B00-5F49-4929-95CC-4D2EC65D21C0}"
EndProject
Global
	GlobalSection(SolutionConfigurationPlatforms) = preSolution
		Debug|Any CPU = Debug|Any CPU
		Release|Any CPU = Release|Any CPU
	EndGlobalSection
	GlobalSection(ProjectConfigurationPlatforms) = postSolution
		{67976B00-5F49-4929-95CC-4D2EC65D21C0}.Debug|Any CPU.ActiveCfg = Debug|Any CPU
		{67976B00-5F49-4929-95CC-4D2EC65D21C0}.Debug|Any CPU.Build.0 = Debug|Any CPU
		{67976B00-5F49-4929-95CC-4D2EC65D21C0}.Release|Any CPU.ActiveCfg = Release|Any CPU
		{67976B00-5F49-4929-95CC-4D2EC65D21C0}.Release|Any CPU.Build.0 = Release|Any CPU
	EndGlobalSection
	GlobalSection(SolutionProperties) = preSolution
		HideSolutionNode = FALSE
	EndGlobalSection
	GlobalSection(ExtensibilityGlobals) = postSolution
		SolutionGuid = {AF617EFA-3D43-4E4A-825C-B719F35E8103}
	EndGlobalSection
EndGlobal
